
Microsoft Visual Studio Solution File, Format Version 12.00
# Visual Studio Version 17
VisualStudioVersion = 17.0.32112.339
MinimumVisualStudioVersion = 10.0.40219.1
Project("{FAE04EC0-301F-11D3-BF4B-00C04F79EFBC}") = "RockPaperScissors", "RockPaperScissors\RockPaperScissors.csproj", "{B758ABC7-3F7C-4075-9690-9010AD32B88C}"
EndProject
Global
	GlobalSection(SolutionConfigurationPlatforms) = preSolution
		Debug|Any CPU = Debug|Any CPU
		Release|Any CPU = Release|Any CPU
	EndGlobalSection
	GlobalSection(ProjectConfigurationPlatforms) = postSolution
		{B758ABC7-3F7C-4075-9690-9010AD32B88C}.Debug|Any CPU.ActiveCfg = Debug|Any CPU
		{B758ABC7-3F7C-4075-9690-9010AD32B88C}.Debug|Any CPU.Build.0 = Debug|Any CPU
		{B758ABC7-3F7C-4075-9690-9010AD32B88C}.Release|Any CPU.ActiveCfg = Release|Any CPU
		{B758ABC7-3F7C-4075-9690-9010AD32B88C}.Release|Any CPU.Build.0 = Release|Any CPU
	EndGlobalSection
	GlobalSection(SolutionProperties) = preSolution
		HideSolutionNode = FALSE
	EndGlobalSection
	GlobalSection(ExtensibilityGlobals) = postSolution
		SolutionGuid = {4447CE57-E6AF-4557-A15C-50191B1DD001}
	EndGlobalSection
EndGlobal
